
Microsoft Visual Studio Solution File, Format Version 12.00
# Visual Studio 15
VisualStudioVersion = 15.0.28307.645
MinimumVisualStudioVersion = 10.0.40219.1
Project("{FAE04EC0-301F-11D3-BF4B-00C04F79EFBC}") = "ConnetDB", "ConnetDB\ConnetDB.csproj", "{360B6329-E549-4376-8ADD-B2018CB89142}"
EndProject
Global
	GlobalSection(SolutionConfigurationPlatforms) = preSolution
		Debug|Any CPU = Debug|Any CPU
		Release|Any CPU = Release|Any CPU
	EndGlobalSection
	GlobalSection(ProjectConfigurationPlatforms) = postSolution
		{360B6329-E549-4376-8ADD-B2018CB89142}.Debug|Any CPU.ActiveCfg = Debug|Any CPU
		{360B6329-E549-4376-8ADD-B2018CB89142}.Debug|Any CPU.Build.0 = Debug|Any CPU
		{360B6329-E549-4376-8ADD-B2018CB89142}.Release|Any CPU.ActiveCfg = Release|Any CPU
		{360B6329-E549-4376-8ADD-B2018CB89142}.Release|Any CPU.Build.0 = Release|Any CPU
	EndGlobalSection
	GlobalSection(SolutionProperties) = preSolution
		HideSolutionNode = FALSE
	EndGlobalSection
	GlobalSection(ExtensibilityGlobals) = postSolution
		SolutionGuid = {FF56E4F3-865C-4B72-BCEC-783954855B4D}
	EndGlobalSection
EndGlobal
